
Microsoft Visual Studio Solution File, Format Version 12.00
# Visual Studio 15
VisualStudioVersion = 15.0.28307.421
MinimumVisualStudioVersion = 10.0.40219.1
Project("{8BC9CEB8-8B4A-11D0-8D11-00A0C91BC942}") = "InjectStreamModule", "InjectStreamModule\InjectStreamModule.vcxproj", "{B21C7544-E844-41AA-B6EE-BA605C458830}"
EndProject
Project("{8BC9CEB8-8B4A-11D0-8D11-00A0C91BC942}") = "Injector", "Injector\Injector.vcxproj", "{213A2493-744E-46B1-BA96-885DA9669558}"
EndProject
Project("{8BC9CEB8-8B4A-11D0-8D11-00A0C91BC942}") = "Dummy", "Dummy\Dummy.vcxproj", "{F91A19CA-AA83-4200-8BC0-F0A2C04CB459}"
EndProject
Project("{8BC9CEB8-8B4A-11D0-8D11-00A0C91BC942}") = "Real", "Real\Real.vcxproj", "{7D366C5E-7BB9-4629-9151-6D4E2586D937}"
EndProject
Project("{8BC9CEB8-8B4A-11D0-8D11-00A0C91BC942}") = "Real", "Base\Base.vcxproj", "{EC286FA3-0B69-4219-BF6E-D2378D7D1B2E}"
EndProject
Global
	GlobalSection(SolutionConfigurationPlatforms) = preSolution
		Debug|Win32 = Debug|Win32
		Release|Win32 = Release|Win32
	EndGlobalSection
	GlobalSection(ProjectConfigurationPlatforms) = postSolution
		{B21C7544-E844-41AA-B6EE-BA605C458830}.Debug|Win32.ActiveCfg = Debug|Win32
		{B21C7544-E844-41AA-B6EE-BA605C458830}.Debug|Win32.Build.0 = Debug|Win32
		{B21C7544-E844-41AA-B6EE-BA605C458830}.Release|Win32.ActiveCfg = Release|Win32
		{B21C7544-E844-41AA-B6EE-BA605C458830}.Release|Win32.Build.0 = Release|Win32
		{213A2493-744E-46B1-BA96-885DA9669558}.Debug|Win32.ActiveCfg = Debug|Win32
		{213A2493-744E-46B1-BA96-885DA9669558}.Debug|Win32.Build.0 = Debug|Win32
		{213A2493-744E-46B1-BA96-885DA9669558}.Release|Win32.ActiveCfg = Release|Win32
		{213A2493-744E-46B1-BA96-885DA9669558}.Release|Win32.Build.0 = Release|Win32
		{F91A19CA-AA83-4200-8BC0-F0A2C04CB459}.Debug|Win32.ActiveCfg = Debug|Win32
		{F91A19CA-AA83-4200-8BC0-F0A2C04CB459}.Debug|Win32.Build.0 = Debug|Win32
		{F91A19CA-AA83-4200-8BC0-F0A2C04CB459}.Release|Win32.ActiveCfg = Release|Win32
		{F91A19CA-AA83-4200-8BC0-F0A2C04CB459}.Release|Win32.Build.0 = Release|Win32
		{7D366C5E-7BB9-4629-9151-6D4E2586D937}.Debug|Win32.ActiveCfg = Debug|Win32
		{7D366C5E-7BB9-4629-9151-6D4E2586D937}.Debug|Win32.Build.0 = Debug|Win32
		{7D366C5E-7BB9-4629-9151-6D4E2586D937}.Release|Win32.ActiveCfg = Release|Win32
		{7D366C5E-7BB9-4629-9151-6D4E2586D937}.Release|Win32.Build.0 = Release|Win32
		{EC286FA3-0B69-4219-BF6E-D2378D7D1B2E}.Debug|Win32.ActiveCfg = Debug|Win32
		{EC286FA3-0B69-4219-BF6E-D2378D7D1B2E}.Debug|Win32.Build.0 = Debug|Win32
		{EC286FA3-0B69-4219-BF6E-D2378D7D1B2E}.Release|Win32.ActiveCfg = Release|Win32
		{EC286FA3-0B69-4219-BF6E-D2378D7D1B2E}.Release|Win32.Build.0 = Release|Win32
	EndGlobalSection
	GlobalSection(SolutionProperties) = preSolution
		HideSolutionNode = FALSE
	EndGlobalSection
	GlobalSection(ExtensibilityGlobals) = postSolution
		SolutionGuid = {ACFCCEB7-5478-4D4E-A55E-D95DC70FCB84}
	EndGlobalSection
EndGlobal
