<?xml version="1.0" encoding="utf-8"?>
<Project ToolsVersion="4.0" xmlns="http://schemas.microsoft.com/developer/msbuild/2003">
  <ItemGroup>
    <Filter Include="Resource Files">
      <UniqueIdentifier>{67DA6AB6-F800-4c08-8B7A-83BB121AAD01}</UniqueIdentifier>
      <Extensions>rc;ico;cur;bmp;dlg;rc2;rct;bin;rgs;gif;jpg;jpeg;jpe;resx;tiff;tif;png;wav;mfcribbon-ms</Extensions>
    </Filter>
    <Filter Include="main">
      <UniqueIdentifier>{4FC737F1-C7A5-4376-A066-2A32D752A2FF}</UniqueIdentifier>
      <Extensions>cpp;c;cc;cxx;def;odl;idl;hpj;bat;asm;asmx</Extensions>
    </Filter>
    <Filter Include="function">
      <UniqueIdentifier>{b4ca5ddd-3c50-41a4-ad94-e673d65e32d5}</UniqueIdentifier>
    </Filter>
    <Filter Include="stdafx">
      <UniqueIdentifier>{7c24922a-543f-418b-8348-1c24dbac9a6d}</UniqueIdentifier>
    </Filter>
    <Filter Include="misc">
      <UniqueIdentifier>{93995380-89BD-4b04-88EB-625FBE52EBFB}</UniqueIdentifier>
      <Extensions>h;hpp;hxx;hm;inl;inc;xsd</Extensions>
    </Filter>
    <Filter Include="main\menu">
      <UniqueIdentifier>{5a0458d0-267f-4fca-83df-8fef29fefe9e}</UniqueIdentifier>
    </Filter>
  </ItemGroup>
  <ItemGroup>
    <ClInclude Include="draw.h">
      <Filter>misc</Filter>
    </ClInclude>
    <ClInclude Include="xor.h">
      <Filter>misc</Filter>
    </ClInclude>
    <ClInclude Include="tools.h">
      <Filter>misc</Filter>
    </ClInclude>
    <ClInclude Include="variables.h">
      <Filter>misc</Filter>
    </ClInclude>
    <ClInclude Include="main.h">
      <Filter>main</Filter>
    </ClInclude>
    <ClInclude Include="menu.h">
      <Filter>main\menu</Filter>
    </ClInclude>
    <ClInclude Include="class.h">
      <Filter>function</Filter>
    </ClInclude>
    <ClInclude Include="address.h">
      <Filter>function</Filter>
    </ClInclude>
    <ClInclude Include="aimbot.h">
      <Filter>function</Filter>
    </ClInclude>
    <ClInclude Include="targetver.h">
      <Filter>stdafx</Filter>
    </ClInclude>
    <ClInclude Include="stdafx.h">
      <Filter>stdafx</Filter>
    </ClInclude>
    <ClInclude Include="esp.h">
      <Filter>function</Filter>
    </ClInclude>
    <ClInclude Include="hack.h">
      <Filter>function</Filter>
    </ClInclude>
  </ItemGroup>
  <ItemGroup>
    <ClCompile Include="main.cpp">
      <Filter>main</Filter>
    </ClCompile>
    <ClCompile Include="stdafx.cpp">
      <Filter>stdafx</Filter>
    </ClCompile>
  </ItemGroup>
</Project>